# This file was autogenerated by Stack.
# You should not edit this file by hand.
# For more information, please see the documentation at:
#   https://docs.haskellstack.org/en/stable/lock_files

packages:
- completed:
    hackage: clplug-0.3.3.0@sha256:74bdf27b21cc202236e0747c63bca1154b8a3be2885684a489fb7c4dae09020d,2230
    pantry-tree:
      sha256: 0bd1891e5f0c08e953ddcc1a5daf79d53f4e142cddf6afcba17bd5d344257a4d
      size: 909
  original:
    hackage: clplug-0.3.3.0
snapshots:
- completed:
    sha256: b37c0abab16c7de352c45b85f8ecc8530b084209a2c42987a96c92b4a5e3cd65
    size: 648924
    url: https://raw.githubusercontent.com/commercialhaskell/stackage-snapshots/master/lts/20/13.yaml
  original:
    url: https://raw.githubusercontent.com/commercialhaskell/stackage-snapshots/master/lts/20/13.yaml
