# This file was autogenerated by Stack.
# You should not edit this file by hand.
# For more information, please see the documentation at:
#   https://docs.haskellstack.org/en/stable/lock_files

packages:
- completed:
    commit: bfa96125d32f3168f4913d2f2233521c12c3c583
    git: https://github.com/autonomousorganization/blitz.git
    name: blitz
    pantry-tree:
      sha256: 343a82b1bcbe04418f7e1d90a66940cd80985d59f96ccaaf9578b438ac3a5b33
      size: 1116
    version: 0.3.0.0
  original:
    commit: bfa96125d32f3168f4913d2f2233521c12c3c583
    git: https://github.com/autonomousorganization/blitz.git
snapshots:
- completed:
    sha256: b37c0abab16c7de352c45b85f8ecc8530b084209a2c42987a96c92b4a5e3cd65
    size: 648924
    url: https://raw.githubusercontent.com/commercialhaskell/stackage-snapshots/master/lts/20/13.yaml
  original:
    url: https://raw.githubusercontent.com/commercialhaskell/stackage-snapshots/master/lts/20/13.yaml
