# This file was autogenerated by Stack.
# You should not edit this file by hand.
# For more information, please see the documentation at:
#   https://docs.haskellstack.org/en/stable/lock_files

packages:
- completed:
    hackage: clplug-0.4.0.0@sha256:9343bd3c8610a1566509db4373d3f31b771c62a4a032c9c526f2f60e28029e17,2234
    pantry-tree:
      sha256: aaac7aa88f55f5b8ce5275c5898b7f56767d12fc6e1dca42e56d54dff0f738ed
      size: 909
  original:
    hackage: clplug-0.4.0.0
snapshots:
- completed:
    sha256: b37c0abab16c7de352c45b85f8ecc8530b084209a2c42987a96c92b4a5e3cd65
    size: 648924
    url: https://raw.githubusercontent.com/commercialhaskell/stackage-snapshots/master/lts/20/13.yaml
  original:
    url: https://raw.githubusercontent.com/commercialhaskell/stackage-snapshots/master/lts/20/13.yaml
